// !$*UTF8*$!
{
	archiveVersion = 1;
	classes = {
	};
	objectVersion = 56;
	objects = {

/* Begin PBXBuildFile section */
		5301CA582ADE05DE00DEE29E /* RestartApp.swift in Sources */ = {isa = PBXBuildFile; fileRef = 5301CA572ADE05DE00DEE29E /* RestartApp.swift */; };
		5301CA5A2ADE05DE00DEE29E /* ContentView.swift in Sources */ = {isa = PBXBuildFile; fileRef = 5301CA592ADE05DE00DEE29E /* ContentView.swift */; };
		5301CA5C2ADE05DF00DEE29E /* Assets.xcassets in Resources */ = {isa = PBXBuildFile; fileRef = 5301CA5B2ADE05DF00DEE29E /* Assets.xcassets */; };
		5301CA5F2ADE05DF00DEE29E /* Preview Assets.xcassets in Resources */ = {isa = PBXBuildFile; fileRef = 5301CA5E2ADE05DF00DEE29E /* Preview Assets.xcassets */; };
		5301CA6B2ADE0A0C00DEE29E /* chimeup.mp3 in Resources */ = {isa = PBXBuildFile; fileRef = 5301CA692ADE0A0C00DEE29E /* chimeup.mp3 */; };
		5301CA6C2ADE0A0C00DEE29E /* success.m4a in Resources */ = {isa = PBXBuildFile; fileRef = 5301CA6A2ADE0A0C00DEE29E /* success.m4a */; };
		5301CA732ADE0D1B00DEE29E /* OnboardingView.swift in Sources */ = {isa = PBXBuildFile; fileRef = 5301CA722ADE0D1B00DEE29E /* OnboardingView.swift */; };
		5301CA752ADE0D2800DEE29E /* HomeView.swift in Sources */ = {isa = PBXBuildFile; fileRef = 5301CA742ADE0D2800DEE29E /* HomeView.swift */; };
		5301CA772ADE29A700DEE29E /* CircleGroupView.swift in Sources */ = {isa = PBXBuildFile; fileRef = 5301CA762ADE29A700DEE29E /* CircleGroupView.swift */; };
		5301CA792ADF734400DEE29E /* AudioPlayer.swift in Sources */ = {isa = PBXBuildFile; fileRef = 5301CA782ADF734400DEE29E /* AudioPlayer.swift */; };
/* End PBXBuildFile section */

/* Begin PBXFileReference section */
		5301CA542ADE05DE00DEE29E /* Restart.app */ = {isa = PBXFileReference; explicitFileType = wrapper.application; includeInIndex = 0; path = Restart.app; sourceTree = BUILT_PRODUCTS_DIR; };
		5301CA572ADE05DE00DEE29E /* RestartApp.swift */ = {isa = PBXFileReference; lastKnownFileType = sourcecode.swift; path = RestartApp.swift; sourceTree = "<group>"; };
		5301CA592ADE05DE00DEE29E /* ContentView.swift */ = {isa = PBXFileReference; lastKnownFileType = sourcecode.swift; path = ContentView.swift; sourceTree = "<group>"; };
		5301CA5B2ADE05DF00DEE29E /* Assets.xcassets */ = {isa = PBXFileReference; lastKnownFileType = folder.assetcatalog; path = Assets.xcassets; sourceTree = "<group>"; };
		5301CA5E2ADE05DF00DEE29E /* Preview Assets.xcassets */ = {isa = PBXFileReference; lastKnownFileType = folder.assetcatalog; path = "Preview Assets.xcassets"; sourceTree = "<group>"; };
		5301CA692ADE0A0C00DEE29E /* chimeup.mp3 */ = {isa = PBXFileReference; lastKnownFileType = audio.mp3; path = chimeup.mp3; sourceTree = "<group>"; };
		5301CA6A2ADE0A0C00DEE29E /* success.m4a */ = {isa = PBXFileReference; lastKnownFileType = file; path = success.m4a; sourceTree = "<group>"; };
		5301CA712ADE0CC000DEE29E /* Info.plist */ = {isa = PBXFileReference; lastKnownFileType = text.plist; path = Info.plist; sourceTree = "<group>"; };
		5301CA722ADE0D1B00DEE29E /* OnboardingView.swift */ = {isa = PBXFileReference; lastKnownFileType = sourcecode.swift; path = OnboardingView.swift; sourceTree = "<group>"; };
		5301CA742ADE0D2800DEE29E /* HomeView.swift */ = {isa = PBXFileReference; lastKnownFileType = sourcecode.swift; path = HomeView.swift; sourceTree = "<group>"; };
		5301CA762ADE29A700DEE29E /* CircleGroupView.swift */ = {isa = PBXFileReference; lastKnownFileType = sourcecode.swift; path = CircleGroupView.swift; sourceTree = "<group>"; };
		5301CA782ADF734400DEE29E /* AudioPlayer.swift */ = {isa = PBXFileReference; lastKnownFileType = sourcecode.swift; path = AudioPlayer.swift; sourceTree = "<group>"; };
/* End PBXFileReference section */

/* Begin PBXFrameworksBuildPhase section */
		5301CA512ADE05DE00DEE29E /* Frameworks */ = {
			isa = PBXFrameworksBuildPhase;
			buildActionMask = 2147483647;
			files = (
			);
			runOnlyForDeploymentPostprocessing = 0;
		};
/* End PBXFrameworksBuildPhase section */

/* Begin PBXGroup section */
		5301CA4B2ADE05DE00DEE29E = {
			isa = PBXGroup;
			children = (
				5301CA562ADE05DE00DEE29E /* Restart */,
				5301CA552ADE05DE00DEE29E /* Products */,
			);
			sourceTree = "<group>";
		};
		5301CA552ADE05DE00DEE29E /* Products */ = {
			isa = PBXGroup;
			children = (
				5301CA542ADE05DE00DEE29E /* Restart.app */,
			);
			name = Products;
			sourceTree = "<group>";
		};
		5301CA562ADE05DE00DEE29E /* Restart */ = {
			isa = PBXGroup;
			children = (
				5301CA712ADE0CC000DEE29E /* Info.plist */,
				5301CA702ADE0B6100DEE29E /* Utilities */,
				5301CA6F2ADE0B4500DEE29E /* Views */,
				5301CA6D2ADE0A3200DEE29E /* sounds */,
				5301CA572ADE05DE00DEE29E /* RestartApp.swift */,
				5301CA6E2ADE0B3800DEE29E /* Screens */,
				5301CA5B2ADE05DF00DEE29E /* Assets.xcassets */,
				5301CA5D2ADE05DF00DEE29E /* Preview Content */,
			);
			path = Restart;
			sourceTree = "<group>";
		};
		5301CA5D2ADE05DF00DEE29E /* Preview Content */ = {
			isa = PBXGroup;
			children = (
				5301CA5E2ADE05DF00DEE29E /* Preview Assets.xcassets */,
			);
			path = "Preview Content";
			sourceTree = "<group>";
		};
		5301CA6D2ADE0A3200DEE29E /* sounds */ = {
			isa = PBXGroup;
			children = (
				5301CA692ADE0A0C00DEE29E /* chimeup.mp3 */,
				5301CA6A2ADE0A0C00DEE29E /* success.m4a */,
			);
			path = sounds;
			sourceTree = "<group>";
		};
		5301CA6E2ADE0B3800DEE29E /* Screens */ = {
			isa = PBXGroup;
			children = (
				5301CA592ADE05DE00DEE29E /* ContentView.swift */,
				5301CA722ADE0D1B00DEE29E /* OnboardingView.swift */,
				5301CA742ADE0D2800DEE29E /* HomeView.swift */,
				5301CA762ADE29A700DEE29E /* CircleGroupView.swift */,
			);
			path = Screens;
			sourceTree = "<group>";
		};
		5301CA6F2ADE0B4500DEE29E /* Views */ = {
			isa = PBXGroup;
			children = (
			);
			path = Views;
			sourceTree = "<group>";
		};
		5301CA702ADE0B6100DEE29E /* Utilities */ = {
			isa = PBXGroup;
			children = (
				5301CA782ADF734400DEE29E /* AudioPlayer.swift */,
			);
			path = Utilities;
			sourceTree = "<group>";
		};
/* End PBXGroup section */

/* Begin PBXNativeTarget section */
		5301CA532ADE05DE00DEE29E /* Restart */ = {
			isa = PBXNativeTarget;
			buildConfigurationList = 5301CA622ADE05DF00DEE29E /* Build configuration list for PBXNativeTarget "Restart" */;
			buildPhases = (
				5301CA502ADE05DE00DEE29E /* Sources */,
				5301CA512ADE05DE00DEE29E /* Frameworks */,
				5301CA522ADE05DE00DEE29E /* Resources */,
			);
			buildRules = (
			);
			dependencies = (
			);
			name = Restart;
			productName = Restart;
			productReference = 5301CA542ADE05DE00DEE29E /* Restart.app */;
			productType = "com.apple.product-type.application";
		};
/* End PBXNativeTarget section */

/* Begin PBXProject section */
		5301CA4C2ADE05DE00DEE29E /* Project object */ = {
			isa = PBXProject;
			attributes = {
				BuildIndependentTargetsInParallel = 1;
				LastSwiftUpdateCheck = 1500;
				LastUpgradeCheck = 1500;
				TargetAttributes = {
					5301CA532ADE05DE00DEE29E = {
						CreatedOnToolsVersion = 15.0;
					};
				};
			};
			buildConfigurationList = 5301CA4F2ADE05DE00DEE29E /* Build configuration list for PBXProject "Restart" */;
			compatibilityVersion = "Xcode 14.0";
			developmentRegion = en;
			hasScannedForEncodings = 0;
			knownRegions = (
				en,
				Base,
			);
			mainGroup = 5301CA4B2ADE05DE00DEE29E;
			productRefGroup = 5301CA552ADE05DE00DEE29E /* Products */;
			projectDirPath = "";
			projectRoot = "";
			targets = (
				5301CA532ADE05DE00DEE29E /* Restart */,
			);
		};
/* End PBXProject section */

/* Begin PBXResourcesBuildPhase section */
		5301CA522ADE05DE00DEE29E /* Resources */ = {
			isa = PBXResourcesBuildPhase;
			buildActionMask = 2147483647;
			files = (
				5301CA6C2ADE0A0C00DEE29E /* success.m4a in Resources */,
				5301CA6B2ADE0A0C00DEE29E /* chimeup.mp3 in Resources */,
				5301CA5F2ADE05DF00DEE29E /* Preview Assets.xcassets in Resources */,
				5301CA5C2ADE05DF00DEE29E /* Assets.xcassets in Resources */,
			);
			runOnlyForDeploymentPostprocessing = 0;
		};
/* End PBXResourcesBuildPhase section */

/* Begin PBXSourcesBuildPhase section */
		5301CA502ADE05DE00DEE29E /* Sources */ = {
			isa = PBXSourcesBuildPhase;
			buildActionMask = 2147483647;
			files = (
				5301CA772ADE29A700DEE29E /* CircleGroupView.swift in Sources */,
				5301CA732ADE0D1B00DEE29E /* OnboardingView.swift in Sources */,
				5301CA752ADE0D2800DEE29E /* HomeView.swift in Sources */,
				5301CA5A2ADE05DE00DEE29E /* ContentView.swift in Sources */,
				5301CA582ADE05DE00DEE29E /* RestartApp.swift in Sources */,
				5301CA792ADF734400DEE29E /* AudioPlayer.swift in Sources */,
			);
			runOnlyForDeploymentPostprocessing = 0;
		};
/* End PBXSourcesBuildPhase section */

/* Begin XCBuildConfiguration section */
		5301CA602ADE05DF00DEE29E /* Debug */ = {
			isa = XCBuildConfiguration;
			buildSettings = {
				ALWAYS_SEARCH_USER_PATHS = NO;
				ASSETCATALOG_COMPILER_GENERATE_SWIFT_ASSET_SYMBOL_EXTENSIONS = YES;
				CLANG_ANALYZER_NONNULL = YES;
				CLANG_ANALYZER_NUMBER_OBJECT_CONVERSION = YES_AGGRESSIVE;
				CLANG_CXX_LANGUAGE_STANDARD = "gnu++20";
				CLANG_ENABLE_MODULES = YES;
				CLANG_ENABLE_OBJC_ARC = YES;
				CLANG_ENABLE_OBJC_WEAK = YES;
				CLANG_WARN_BLOCK_CAPTURE_AUTORELEASING = YES;
				CLANG_WARN_BOOL_CONVERSION = YES;
				CLANG_WARN_COMMA = YES;
				CLANG_WARN_CONSTANT_CONVERSION = YES;
				CLANG_WARN_DEPRECATED_OBJC_IMPLEMENTATIONS = YES;
				CLANG_WARN_DIRECT_OBJC_ISA_USAGE = YES_ERROR;
				CLANG_WARN_DOCUMENTATION_COMMENTS = YES;
				CLANG_WARN_EMPTY_BODY = YES;
				CLANG_WARN_ENUM_CONVERSION = YES;
				CLANG_WARN_INFINITE_RECURSION = YES;
				CLANG_WARN_INT_CONVERSION = YES;
				CLANG_WARN_NON_LITERAL_NULL_CONVERSION = YES;
				CLANG_WARN_OBJC_IMPLICIT_RETAIN_SELF = YES;
				CLANG_WARN_OBJC_LITERAL_CONVERSION = YES;
				CLANG_WARN_OBJC_ROOT_CLASS = YES_ERROR;
				CLANG_WARN_QUOTED_INCLUDE_IN_FRAMEWORK_HEADER = YES;
				CLANG_WARN_RANGE_LOOP_ANALYSIS = YES;
				CLANG_WARN_STRICT_PROTOTYPES = YES;
				CLANG_WARN_SUSPICIOUS_MOVE = YES;
				CLANG_WARN_UNGUARDED_AVAILABILITY = YES_AGGRESSIVE;
				CLANG_WARN_UNREACHABLE_CODE = YES;
				CLANG_WARN__DUPLICATE_METHOD_MATCH = YES;
				COPY_PHASE_STRIP = NO;
				DEBUG_INFORMATION_FORMAT = dwarf;
				ENABLE_STRICT_OBJC_MSGSEND = YES;
				ENABLE_TESTABILITY = YES;
				ENABLE_USER_SCRIPT_SANDBOXING = YES;
				GCC_C_LANGUAGE_STANDARD = gnu17;
				GCC_DYNAMIC_NO_PIC = NO;
				GCC_NO_COMMON_BLOCKS = YES;
				GCC_OPTIMIZATION_LEVEL = 0;
				GCC_PREPROCESSOR_DEFINITIONS = (
					"DEBUG=1",
					"$(inherited)",
				);
				GCC_WARN_64_TO_32_BIT_CONVERSION = YES;
				GCC_WARN_ABOUT_RETURN_TYPE = YES_ERROR;
				GCC_WARN_UNDECLARED_SELECTOR = YES;
				GCC_WARN_UNINITIALIZED_AUTOS = YES_AGGRESSIVE;
				GCC_WARN_UNUSED_FUNCTION = YES;
				GCC_WARN_UNUSED_VARIABLE = YES;
				IPHONEOS_DEPLOYMENT_TARGET = 17.0;
				LOCALIZATION_PREFERS_STRING_CATALOGS = YES;
				MTL_ENABLE_DEBUG_INFO = INCLUDE_SOURCE;
				MTL_FAST_MATH = YES;
				ONLY_ACTIVE_ARCH = YES;
				SDKROOT = iphoneos;
				SWIFT_ACTIVE_COMPILATION_CONDITIONS = "DEBUG $(inherited)";
				SWIFT_OPTIMIZATION_LEVEL = "-Onone";
			};
			name = Debug;
		};
		5301CA612ADE05DF00DEE29E /* Release */ = {
			isa = XCBuildConfiguration;
			buildSettings = {
				ALWAYS_SEARCH_USER_PATHS = NO;
				ASSETCATALOG_COMPILER_GENERATE_SWIFT_ASSET_SYMBOL_EXTENSIONS = YES;
				CLANG_ANALYZER_NONNULL = YES;
				CLANG_ANALYZER_NUMBER_OBJECT_CONVERSION = YES_AGGRESSIVE;
				CLANG_CXX_LANGUAGE_STANDARD = "gnu++20";
				CLANG_ENABLE_MODULES = YES;
				CLANG_ENABLE_OBJC_ARC = YES;
				CLANG_ENABLE_OBJC_WEAK = YES;
				CLANG_WARN_BLOCK_CAPTURE_AUTORELEASING = YES;
				CLANG_WARN_BOOL_CONVERSION = YES;
				CLANG_WARN_COMMA = YES;
				CLANG_WARN_CONSTANT_CONVERSION = YES;
				CLANG_WARN_DEPRECATED_OBJC_IMPLEMENTATIONS = YES;
				CLANG_WARN_DIRECT_OBJC_ISA_USAGE = YES_ERROR;
				CLANG_WARN_DOCUMENTATION_COMMENTS = YES;
				CLANG_WARN_EMPTY_BODY = YES;
				CLANG_WARN_ENUM_CONVERSION = YES;
				CLANG_WARN_INFINITE_RECURSION = YES;
				CLANG_WARN_INT_CONVERSION = YES;
				CLANG_WARN_NON_LITERAL_NULL_CONVERSION = YES;
				CLANG_WARN_OBJC_IMPLICIT_RETAIN_SELF = YES;
				CLANG_WARN_OBJC_LITERAL_CONVERSION = YES;
				CLANG_WARN_OBJC_ROOT_CLASS = YES_ERROR;
				CLANG_WARN_QUOTED_INCLUDE_IN_FRAMEWORK_HEADER = YES;
				CLANG_WARN_RANGE_LOOP_ANALYSIS = YES;
				CLANG_WARN_STRICT_PROTOTYPES = YES;
				CLANG_WARN_SUSPICIOUS_MOVE = YES;
				CLANG_WARN_UNGUARDED_AVAILABILITY = YES_AGGRESSIVE;
				CLANG_WARN_UNREACHABLE_CODE = YES;
				CLANG_WARN__DUPLICATE_METHOD_MATCH = YES;
				COPY_PHASE_STRIP = NO;
				DEBUG_INFORMATION_FORMAT = "dwarf-with-dsym";
				ENABLE_NS_ASSERTIONS = NO;
				ENABLE_STRICT_OBJC_MSGSEND = YES;
				ENABLE_USER_SCRIPT_SANDBOXING = YES;
				GCC_C_LANGUAGE_STANDARD = gnu17;
				GCC_NO_COMMON_BLOCKS = YES;
				GCC_WARN_64_TO_32_BIT_CONVERSION = YES;
				GCC_WARN_ABOUT_RETURN_TYPE = YES_ERROR;
				GCC_WARN_UNDECLARED_SELECTOR = YES;
				GCC_WARN_UNINITIALIZED_AUTOS = YES_AGGRESSIVE;
				GCC_WARN_UNUSED_FUNCTION = YES;
				GCC_WARN_UNUSED_VARIABLE = YES;
				IPHONEOS_DEPLOYMENT_TARGET = 17.0;
				LOCALIZATION_PREFERS_STRING_CATALOGS = YES;
				MTL_ENABLE_DEBUG_INFO = NO;
				MTL_FAST_MATH = YES;
				SDKROOT = iphoneos;
				SWIFT_COMPILATION_MODE = wholemodule;
				VALIDATE_PRODUCT = YES;
			};
			name = Release;
		};
		5301CA632ADE05DF00DEE29E /* Debug */ = {
			isa = XCBuildConfiguration;
			buildSettings = {
				ASSETCATALOG_COMPILER_APPICON_NAME = AppIcon;
				ASSETCATALOG_COMPILER_GLOBAL_ACCENT_COLOR_NAME = AccentColor;
				CODE_SIGN_STYLE = Automatic;
				CURRENT_PROJECT_VERSION = 1;
				DEVELOPMENT_ASSET_PATHS = "\"Restart/Preview Content\"";
				DEVELOPMENT_TEAM = EL239SVJR7;
				ENABLE_PREVIEWS = YES;
				GENERATE_INFOPLIST_FILE = YES;
				INFOPLIST_FILE = Restart/Info.plist;
				INFOPLIST_KEY_UIApplicationSceneManifest_Generation = YES;
				INFOPLIST_KEY_UIApplicationSupportsIndirectInputEvents = YES;
				INFOPLIST_KEY_UISupportedInterfaceOrientations = UIInterfaceOrientationPortrait;
				INFOPLIST_KEY_UISupportedInterfaceOrientations_iPad = "UIInterfaceOrientationPortrait UIInterfaceOrientationPortraitUpsideDown";
				LD_RUNPATH_SEARCH_PATHS = (
					"$(inherited)",
					"@executable_path/Frameworks",
				);
				MARKETING_VERSION = 1.0;
				PRODUCT_BUNDLE_IDENTIFIER = BrightAnchor.Restart;
				PRODUCT_NAME = "$(TARGET_NAME)";
				SWIFT_EMIT_LOC_STRINGS = YES;
				SWIFT_VERSION = 5.0;
				TARGETED_DEVICE_FAMILY = "1,2";
			};
			name = Debug;
		};
		5301CA642ADE05DF00DEE29E /* Release */ = {
			isa = XCBuildConfiguration;
			buildSettings = {
				ASSETCATALOG_COMPILER_APPICON_NAME = AppIcon;
				ASSETCATALOG_COMPILER_GLOBAL_ACCENT_COLOR_NAME = AccentColor;
				CODE_SIGN_STYLE = Automatic;
				CURRENT_PROJECT_VERSION = 1;
				DEVELOPMENT_ASSET_PATHS = "\"Restart/Preview Content\"";
				DEVELOPMENT_TEAM = EL239SVJR7;
				ENABLE_PREVIEWS = YES;
				GENERATE_INFOPLIST_FILE = YES;
				INFOPLIST_FILE = Restart/Info.plist;
				INFOPLIST_KEY_UIApplicationSceneManifest_Generation = YES;
				INFOPLIST_KEY_UIApplicationSupportsIndirectInputEvents = YES;
				INFOPLIST_KEY_UISupportedInterfaceOrientations = UIInterfaceOrientationPortrait;
				INFOPLIST_KEY_UISupportedInterfaceOrientations_iPad = "UIInterfaceOrientationPortrait UIInterfaceOrientationPortraitUpsideDown";
				LD_RUNPATH_SEARCH_PATHS = (
					"$(inherited)",
					"@executable_path/Frameworks",
				);
				MARKETING_VERSION = 1.0;
				PRODUCT_BUNDLE_IDENTIFIER = BrightAnchor.Restart;
				PRODUCT_NAME = "$(TARGET_NAME)";
				SWIFT_EMIT_LOC_STRINGS = YES;
				SWIFT_VERSION = 5.0;
				TARGETED_DEVICE_FAMILY = "1,2";
			};
			name = Release;
		};
/* End XCBuildConfiguration section */

/* Begin XCConfigurationList section */
		5301CA4F2ADE05DE00DEE29E /* Build configuration list for PBXProject "Restart" */ = {
			isa = XCConfigurationList;
			buildConfigurations = (
				5301CA602ADE05DF00DEE29E /* Debug */,
				5301CA612ADE05DF00DEE29E /* Release */,
			);
			defaultConfigurationIsVisible = 0;
			defaultConfigurationName = Release;
		};
		5301CA622ADE05DF00DEE29E /* Build configuration list for PBXNativeTarget "Restart" */ = {
			isa = XCConfigurationList;
			buildConfigurations = (
				5301CA632ADE05DF00DEE29E /* Debug */,
				5301CA642ADE05DF00DEE29E /* Release */,
			);
			defaultConfigurationIsVisible = 0;
			defaultConfigurationName = Release;
		};
/* End XCConfigurationList section */
	};
	rootObject = 5301CA4C2ADE05DE00DEE29E /* Project object */;
}
